
Microsoft Visual Studio Solution File, Format Version 12.00
# Visual Studio 15
VisualStudioVersion = 15.0.27428.2037
MinimumVisualStudioVersion = 10.0.40219.1
Project("{FAE04EC0-301F-11D3-BF4B-00C04F79EFBC}") = "Task9.UI", "Task9.UI\Task9.UI.csproj", "{B5613C23-FF34-4AA2-BA1D-474DE2982A86}"
EndProject
Project("{FAE04EC0-301F-11D3-BF4B-00C04F79EFBC}") = "Task9.BLL", "Task9.BLL\Task9.BLL.csproj", "{AA83282B-0FE5-405B-8EA4-F66ED4F89845}"
EndProject
Global
	GlobalSection(SolutionConfigurationPlatforms) = preSolution
		Debug|Any CPU = Debug|Any CPU
		Release|Any CPU = Release|Any CPU
	EndGlobalSection
	GlobalSection(ProjectConfigurationPlatforms) = postSolution
		{B5613C23-FF34-4AA2-BA1D-474DE2982A86}.Debug|Any CPU.ActiveCfg = Debug|Any CPU
		{B5613C23-FF34-4AA2-BA1D-474DE2982A86}.Debug|Any CPU.Build.0 = Debug|Any CPU
		{B5613C23-FF34-4AA2-BA1D-474DE2982A86}.Release|Any CPU.ActiveCfg = Release|Any CPU
		{B5613C23-FF34-4AA2-BA1D-474DE2982A86}.Release|Any CPU.Build.0 = Release|Any CPU
		{AA83282B-0FE5-405B-8EA4-F66ED4F89845}.Debug|Any CPU.ActiveCfg = Debug|Any CPU
		{AA83282B-0FE5-405B-8EA4-F66ED4F89845}.Debug|Any CPU.Build.0 = Debug|Any CPU
		{AA83282B-0FE5-405B-8EA4-F66ED4F89845}.Release|Any CPU.ActiveCfg = Release|Any CPU
		{AA83282B-0FE5-405B-8EA4-F66ED4F89845}.Release|Any CPU.Build.0 = Release|Any CPU
	EndGlobalSection
	GlobalSection(SolutionProperties) = preSolution
		HideSolutionNode = FALSE
	EndGlobalSection
	GlobalSection(ExtensibilityGlobals) = postSolution
		SolutionGuid = {93825C3C-E8B4-408E-880F-A19CE854C36F}
	EndGlobalSection
EndGlobal
